{
  "name": "vite-project",
  "version": "0.0.0",
  "lockfileVersion": 2,
  "requires": true,
  "packages": {
    "": {
      "version": "0.0.0",
      "dependencies": {
        "@smui/drawer": "^2.0.0-beta.1",
        "svelte": "^3.37.0"
      },
      "devDependencies": {
        "@sveltejs/vite-plugin-svelte": "^1.0.0-next.5",
        "sass": "^1.32.8",
        "vite": "^2.0.0-beta.70"
      }
    },
    "node_modules/@material/animation": {
      "version": "4.0.0",
      "resolved": "https://registry.npmjs.org/@material/animation/-/animation-4.0.0.tgz",
      "integrity": "sha512-IfzXzstWdtKQcsNWu+s2Hpz5dBwkTHtgtzoesr+FC7TqENH+SJdsF1ntnZI1XVi2C9ZlBf7f4BSmXpWHD0MIlw==",
      "dependencies": {
        "tslib": "^1.9.3"
      }
    },
    "node_modules/@material/base": {
      "version": "4.0.0",
      "resolved": "https://registry.npmjs.org/@material/base/-/base-4.0.0.tgz",
      "integrity": "sha512-vHm7fkqXzjdfxifXvlmaZColoIfKuWmO+1rvdzDORTWP+A8Dq70cgKd2I1SBqxzDGjOasMzHbQI6f9MISQf2vQ==",
      "dependencies": {
        "tslib": "^1.9.3"
      }
    },
    "node_modules/@material/density": {
      "version": "4.0.0",
      "resolved": "https://registry.npmjs.org/@material/density/-/density-4.0.0.tgz",
      "integrity": "sha512-PuOCPCXlWjimTq+OuCS8biAb1JE9aXCZwT1dRG9REAIAK7bN8KeeTzkeJp6jTj+ggZjWphwKF0lKeX6Gv+e/lw=="
    },
    "node_modules/@material/dom": {
      "version": "4.0.0",
      "resolved": "https://registry.npmjs.org/@material/dom/-/dom-4.0.0.tgz",
      "integrity": "sha512-GRCJT9+PGWqygZwGf1XLTrbmzP35YWG7+T0hpfhoIJO8VDiMTeyfvhJXFuA2wh9pD0noEjte0lmbdBlykrbWZw==",
      "dependencies": {
        "tslib": "^1.9.3"
      }
    },
    "node_modules/@material/drawer": {
      "version": "4.0.0",
      "resolved": "https://registry.npmjs.org/@material/drawer/-/drawer-4.0.0.tgz",
      "integrity": "sha512-HjhE4KnP+bGC56AdD8H1FqMT5PjEuz0RvvEzsMrQC86CERsE9eu35+JdSHFsLT2qi8m8c8v9NicOVIP1QHNH+Q==",
      "dependencies": {
        "@material/animation": "^4.0.0",
        "@material/base": "^4.0.0",
        "@material/elevation": "^4.0.0",
        "@material/feature-targeting": "^4.0.0",
        "@material/list": "^4.0.0",
        "@material/ripple": "^4.0.0",
        "@material/rtl": "^4.0.0",
        "@material/shape": "^4.0.0",
        "@material/theme": "^4.0.0",
        "@material/typography": "^4.0.0",
        "focus-trap": "^5.0.0",
        "tslib": "^1.9.3"
      }
    },
    "node_modules/@material/elevation": {
      "version": "4.0.0",
      "resolved": "https://registry.npmjs.org/@material/elevation/-/elevation-4.0.0.tgz",
      "integrity": "sha512-wKffoZcqkwAMWYbfGJJ95RDeOFz/IMvF7ye4VamjUwLb1iPiKxUZKUcd40XpuEvsn794HSIEWfGDsRq7BxJAMQ==",
      "dependencies": {
        "@material/animation": "^4.0.0",
        "@material/feature-targeting": "^4.0.0",
        "@material/theme": "^4.0.0"
      }
    },
    "node_modules/@material/feature-targeting": {
      "version": "4.0.0",
      "resolved": "https://registry.npmjs.org/@material/feature-targeting/-/feature-targeting-4.0.0.tgz",
      "integrity": "sha512-0gk+f151vqmEdWkrQ9ocPlQRU9aUtSGsVBhletqIbsthLUsZIz9qk25FHjV1wHd/bGHknd9NH+T8ENprv3KLFg=="
    },
    "node_modules/@material/list": {
      "version": "4.0.0",
      "resolved": "https://registry.npmjs.org/@material/list/-/list-4.0.0.tgz",
      "integrity": "sha512-ximtqMQzi+bnnFy1jrdzMUH7jq169XVexCykumxoLI1PbVx4imQ0G3R6LIfJiafbxbBYawfwySZfMXTJkDML7g==",
      "dependencies": {
        "@material/base": "^4.0.0",
        "@material/density": "^4.0.0",
        "@material/dom": "^4.0.0",
        "@material/feature-targeting": "^4.0.0",
        "@material/ripple": "^4.0.0",
        "@material/rtl": "^4.0.0",
        "@material/shape": "^4.0.0",
        "@material/theme": "^4.0.0",
        "@material/typography": "^4.0.0",
        "tslib": "^1.9.3"
      }
    },
    "node_modules/@material/ripple": {
      "version": "4.0.0",
      "resolved": "https://registry.npmjs.org/@material/ripple/-/ripple-4.0.0.tgz",
      "integrity": "sha512-9BLIOvyCP5sM+fQpLlcJZWyrHguusJq8E5A1pxg0wQwputOyaPBM7recHhYkJmVjzRpTcPgf1PkvkpN6DKGcNg==",
      "dependencies": {
        "@material/animation": "^4.0.0",
        "@material/base": "^4.0.0",
        "@material/dom": "^4.0.0",
        "@material/feature-targeting": "^4.0.0",
        "@material/theme": "^4.0.0",
        "tslib": "^1.9.3"
      }
    },
    "node_modules/@material/rtl": {
      "version": "4.0.0",
      "resolved": "https://registry.npmjs.org/@material/rtl/-/rtl-4.0.0.tgz",
      "integrity": "sha512-AP8zByVDEWAJVJoxByVccUbH+BX24IeG7ol+L6Qd8JjzPpz1fzPVJ4BeDNaF0a6sXtHsRmj2zN5dsx/BGC3IHg=="
    },
    "node_modules/@material/shape": {
      "version": "4.0.0",
      "resolved": "https://registry.npmjs.org/@material/shape/-/shape-4.0.0.tgz",
      "integrity": "sha512-wmr05YBrEL462QPiJ+t9xh5RqxzylXYo/8DVZnb/1WA9GZ6m38UK/8Awtip1cZAN34pzD/9p5AydyywlQVoI+g==",
      "dependencies": {
        "@material/feature-targeting": "^4.0.0"
      }
    },
    "node_modules/@material/theme": {
      "version": "4.0.0",
      "resolved": "https://registry.npmjs.org/@material/theme/-/theme-4.0.0.tgz",
      "integrity": "sha512-vS4G4rusJTatTH50kSYO1U3UGN8EY9kGRvPaFsEFKikJBOqcR6KWK9H9/wCLqqd6nDNifEj9H2sdWw1AV4NA6Q==",
      "dependencies": {
        "@material/feature-targeting": "^4.0.0"
      }
    },
    "node_modules/@material/typography": {
      "version": "4.0.0",
      "resolved": "https://registry.npmjs.org/@material/typography/-/typography-4.0.0.tgz",
      "integrity": "sha512-lUG4yjG9fl1ryNX4OVnOmi+EjhiV4WsWcYt4yzffHrFg1RfKuCAV59j7TtmlMfZIkNDwqK5jvk3oOpTRDFpL8Q==",
      "dependencies": {
        "@material/feature-targeting": "^4.0.0"
      }
    },
    "node_modules/@rollup/pluginutils": {
      "version": "4.1.0",
      "resolved": "https://registry.npmjs.org/@rollup/pluginutils/-/pluginutils-4.1.0.tgz",
      "integrity": "sha512-TrBhfJkFxA+ER+ew2U2/fHbebhLT/l/2pRk0hfj9KusXUuRXd2v0R58AfaZK9VXDQ4TogOSEmICVrQAA3zFnHQ==",
      "dev": true,
      "dependencies": {
        "estree-walker": "^2.0.1",
        "picomatch": "^2.2.2"
      },
      "engines": {
        "node": ">= 8.0.0"
      },
      "peerDependencies": {
        "rollup": "^1.20.0||^2.0.0"
      }
    },
    "node_modules/@smui/common": {
      "version": "2.0.0-beta.1",
      "resolved": "https://registry.npmjs.org/@smui/common/-/common-2.0.0-beta.1.tgz",
      "integrity": "sha512-m1ueVU0vI2jJI7qnHXWVisMXwPG8s1d5F3NK519bYewDFhjd+lCsfllC5e9A4CsfXNzJYlVaBPs5Wy11pn93UQ==",
      "dependencies": {
        "svelte": "^3.0"
      }
    },
    "node_modules/@smui/drawer": {
      "version": "2.0.0-beta.1",
      "resolved": "https://registry.npmjs.org/@smui/drawer/-/drawer-2.0.0-beta.1.tgz",
      "integrity": "sha512-AfMYf/t0bAVcQIvswlAAhRiXuYoBH7+IpEvMvf7GVJOJEDEj170HCQDFvIrOYMzY4UKJZye3X8zkq+U7zOlb7g==",
      "dependencies": {
        "@material/drawer": "^4.0.0",
        "@smui/common": "^2.0.0-beta.1"
      }
    },
    "node_modules/@sveltejs/vite-plugin-svelte": {
      "version": "1.0.0-next.5",
      "resolved": "https://registry.npmjs.org/@sveltejs/vite-plugin-svelte/-/vite-plugin-svelte-1.0.0-next.5.tgz",
      "integrity": "sha512-RVjafsqziWwnQm8VEy2y0qNaugNDvRd8tTaCt9rjgQkqaS/BDiyDCluXxA28PRC+ddZjvwUeq9k+0EfbLVObfg==",
      "dev": true,
      "dependencies": {
        "@rollup/pluginutils": "^4.1.0",
        "chalk": "^4.1.0",
        "debug": "^4.3.2",
        "hash-sum": "^2.0.0",
        "require-relative": "^0.8.7",
        "slash": "^3.0.0",
        "source-map": "^0.7.3",
        "svelte-hmr": "^0.13.3"
      },
      "engines": {
        "node": ">=12.0.0"
      },
      "peerDependencies": {
        "svelte": "^3.35.0",
        "vite": "^2.1.2"
      }
    },
    "node_modules/ansi-styles": {
      "version": "4.3.0",
      "resolved": "https://registry.npmjs.org/ansi-styles/-/ansi-styles-4.3.0.tgz",
      "integrity": "sha512-zbB9rCJAT1rbjiVDb2hqKFHNYLxgtk8NURxZ3IZwD3F6NtxbXZQCnnSi1Lkx+IDohdPlFp222wVALIheZJQSEg==",
      "dev": true,
      "dependencies": {
        "color-convert": "^2.0.1"
      },
      "engines": {
        "node": ">=8"
      },
      "funding": {
        "url": "https://github.com/chalk/ansi-styles?sponsor=1"
      }
    },
    "node_modules/anymatch": {
      "version": "3.1.1",
      "resolved": "https://registry.npmjs.org/anymatch/-/anymatch-3.1.1.tgz",
      "integrity": "sha512-mM8522psRCqzV+6LhomX5wgp25YVibjh8Wj23I5RPkPppSVSjyKD2A2mBJmWGa+KN7f2D6LNh9jkBCeyLktzjg==",
      "dev": true,
      "dependencies": {
        "normalize-path": "^3.0.0",
        "picomatch": "^2.0.4"
      },
      "engines": {
        "node": ">= 8"
      }
    },
    "node_modules/binary-extensions": {
      "version": "2.2.0",
      "resolved": "https://registry.npmjs.org/binary-extensions/-/binary-extensions-2.2.0.tgz",
      "integrity": "sha512-jDctJ/IVQbZoJykoeHbhXpOlNBqGNcwXJKJog42E5HDPUwQTSdjCHdihjj0DlnheQ7blbT6dHOafNAiS8ooQKA==",
      "dev": true,
      "engines": {
        "node": ">=8"
      }
    },
    "node_modules/braces": {
      "version": "3.0.2",
      "resolved": "https://registry.npmjs.org/braces/-/braces-3.0.2.tgz",
      "integrity": "sha512-b8um+L1RzM3WDSzvhm6gIz1yfTbBt6YTlcEKAvsmqCZZFw46z626lVj9j1yEPW33H5H+lBQpZMP1k8l+78Ha0A==",
      "dev": true,
      "dependencies": {
        "fill-range": "^7.0.1"
      },
      "engines": {
        "node": ">=8"
      }
    },
    "node_modules/chalk": {
      "version": "4.1.0",
      "resolved": "https://registry.npmjs.org/chalk/-/chalk-4.1.0.tgz",
      "integrity": "sha512-qwx12AxXe2Q5xQ43Ac//I6v5aXTipYrSESdOgzrN+9XjgEpyjpKuvSGaN4qE93f7TQTlerQQ8S+EQ0EyDoVL1A==",
      "dev": true,
      "dependencies": {
        "ansi-styles": "^4.1.0",
        "supports-color": "^7.1.0"
      },
      "engines": {
        "node": ">=10"
      },
      "funding": {
        "url": "https://github.com/chalk/chalk?sponsor=1"
      }
    },
    "node_modules/chokidar": {
      "version": "3.5.1",
      "resolved": "https://registry.npmjs.org/chokidar/-/chokidar-3.5.1.tgz",
      "integrity": "sha512-9+s+Od+W0VJJzawDma/gvBNQqkTiqYTWLuZoyAsivsI4AaWTCzHG06/TMjsf1cYe9Cb97UCEhjz7HvnPk2p/tw==",
      "dev": true,
      "dependencies": {
        "anymatch": "~3.1.1",
        "braces": "~3.0.2",
        "glob-parent": "~5.1.0",
        "is-binary-path": "~2.1.0",
        "is-glob": "~4.0.1",
        "normalize-path": "~3.0.0",
        "readdirp": "~3.5.0"
      },
      "engines": {
        "node": ">= 8.10.0"
      },
      "optionalDependencies": {
        "fsevents": "~2.3.1"
      }
    },
    "node_modules/color-convert": {
      "version": "2.0.1",
      "resolved": "https://registry.npmjs.org/color-convert/-/color-convert-2.0.1.tgz",
      "integrity": "sha512-RRECPsj7iu/xb5oKYcsFHSppFNnsj/52OVTRKb4zP5onXwVF3zVmmToNcOfGC+CRDpfK/U584fMg38ZHCaElKQ==",
      "dev": true,
      "dependencies": {
        "color-name": "~1.1.4"
      },
      "engines": {
        "node": ">=7.0.0"
      }
    },
    "node_modules/color-name": {
      "version": "1.1.4",
      "resolved": "https://registry.npmjs.org/color-name/-/color-name-1.1.4.tgz",
      "integrity": "sha512-dOy+3AuW3a2wNbZHIuMZpTcgjGuLU/uBL/ubcZF9OXbDo8ff4O8yVp5Bf0efS8uEoYo5q4Fx7dY9OgQGXgAsQA==",
      "dev": true
    },
    "node_modules/colorette": {
      "version": "1.2.2",
      "resolved": "https://registry.npmjs.org/colorette/-/colorette-1.2.2.tgz",
      "integrity": "sha512-MKGMzyfeuutC/ZJ1cba9NqcNpfeqMUcYmyF1ZFY6/Cn7CNSAKx6a+s48sqLqyAiZuaP2TcqMhoo+dlwFnVxT9w==",
      "dev": true
    },
    "node_modules/debug": {
      "version": "4.3.2",
      "resolved": "https://registry.npmjs.org/debug/-/debug-4.3.2.tgz",
      "integrity": "sha512-mOp8wKcvj7XxC78zLgw/ZA+6TSgkoE2C/ienthhRD298T7UNwAg9diBpLRxC0mOezLl4B0xV7M0cCO6P/O0Xhw==",
      "dev": true,
      "dependencies": {
        "ms": "2.1.2"
      },
      "engines": {
        "node": ">=6.0"
      },
      "peerDependenciesMeta": {
        "supports-color": {
          "optional": true
        }
      }
    },
    "node_modules/esbuild": {
      "version": "0.9.7",
      "resolved": "https://registry.npmjs.org/esbuild/-/esbuild-0.9.7.tgz",
      "integrity": "sha512-VtUf6aQ89VTmMLKrWHYG50uByMF4JQlVysb8dmg6cOgW8JnFCipmz7p+HNBl+RR3LLCuBxFGVauAe2wfnF9bLg==",
      "dev": true,
      "hasInstallScript": true,
      "bin": {
        "esbuild": "bin/esbuild"
      }
    },
    "node_modules/estree-walker": {
      "version": "2.0.2",
      "resolved": "https://registry.npmjs.org/estree-walker/-/estree-walker-2.0.2.tgz",
      "integrity": "sha512-Rfkk/Mp/DL7JVje3u18FxFujQlTNR2q6QfMSMB7AvCBx91NGj/ba3kCfza0f6dVDbw7YlRf/nDrn7pQrCCyQ/w==",
      "dev": true
    },
    "node_modules/fill-range": {
      "version": "7.0.1",
      "resolved": "https://registry.npmjs.org/fill-range/-/fill-range-7.0.1.tgz",
      "integrity": "sha512-qOo9F+dMUmC2Lcb4BbVvnKJxTPjCm+RRpe4gDuGrzkL7mEVl/djYSu2OdQ2Pa302N4oqkSg9ir6jaLWJ2USVpQ==",
      "dev": true,
      "dependencies": {
        "to-regex-range": "^5.0.1"
      },
      "engines": {
        "node": ">=8"
      }
    },
    "node_modules/focus-trap": {
      "version": "5.1.0",
      "resolved": "https://registry.npmjs.org/focus-trap/-/focus-trap-5.1.0.tgz",
      "integrity": "sha512-CkB/nrO55069QAUjWFBpX6oc+9V90Qhgpe6fBWApzruMq5gnlh90Oo7iSSDK7pKiV5ugG6OY2AXM5mxcmL3lwQ==",
      "dependencies": {
        "tabbable": "^4.0.0",
        "xtend": "^4.0.1"
      }
    },
    "node_modules/fsevents": {
      "version": "2.3.2",
      "resolved": "https://registry.npmjs.org/fsevents/-/fsevents-2.3.2.tgz",
      "integrity": "sha512-xiqMQR4xAeHTuB9uWm+fFRcIOgKBMiOBP+eXiyT7jsgVCq1bkVygt00oASowB7EdtpOHaaPgKt812P9ab+DDKA==",
      "dev": true,
      "hasInstallScript": true,
      "optional": true,
      "os": [
        "darwin"
      ],
      "engines": {
        "node": "^8.16.0 || ^10.6.0 || >=11.0.0"
      }
    },
    "node_modules/function-bind": {
      "version": "1.1.1",
      "resolved": "https://registry.npmjs.org/function-bind/-/function-bind-1.1.1.tgz",
      "integrity": "sha512-yIovAzMX49sF8Yl58fSCWJ5svSLuaibPxXQJFLmBObTuCr0Mf1KiPopGM9NiFjiYBCbfaa2Fh6breQ6ANVTI0A==",
      "dev": true
    },
    "node_modules/glob-parent": {
      "version": "5.1.2",
      "resolved": "https://registry.npmjs.org/glob-parent/-/glob-parent-5.1.2.tgz",
      "integrity": "sha512-AOIgSQCepiJYwP3ARnGx+5VnTu2HBYdzbGP45eLw1vr3zB3vZLeyed1sC9hnbcOc9/SrMyM5RPQrkGz4aS9Zow==",
      "dev": true,
      "dependencies": {
        "is-glob": "^4.0.1"
      },
      "engines": {
        "node": ">= 6"
      }
    },
    "node_modules/has": {
      "version": "1.0.3",
      "resolved": "https://registry.npmjs.org/has/-/has-1.0.3.tgz",
      "integrity": "sha512-f2dvO0VU6Oej7RkWJGrehjbzMAjFp5/VKPp5tTpWIV4JHHZK1/BxbFRtf/siA2SWTe09caDmVtYYzWEIbBS4zw==",
      "dev": true,
      "dependencies": {
        "function-bind": "^1.1.1"
      },
      "engines": {
        "node": ">= 0.4.0"
      }
    },
    "node_modules/has-flag": {
      "version": "4.0.0",
      "resolved": "https://registry.npmjs.org/has-flag/-/has-flag-4.0.0.tgz",
      "integrity": "sha512-EykJT/Q1KjTWctppgIAgfSO0tKVuZUjhgMr17kqTumMl6Afv3EISleU7qZUzoXDFTAHTDC4NOoG/ZxU3EvlMPQ==",
      "dev": true,
      "engines": {
        "node": ">=8"
      }
    },
    "node_modules/hash-sum": {
      "version": "2.0.0",
      "resolved": "https://registry.npmjs.org/hash-sum/-/hash-sum-2.0.0.tgz",
      "integrity": "sha512-WdZTbAByD+pHfl/g9QSsBIIwy8IT+EsPiKDs0KNX+zSHhdDLFKdZu0BQHljvO+0QI/BasbMSUa8wYNCZTvhslg==",
      "dev": true
    },
    "node_modules/is-binary-path": {
      "version": "2.1.0",
      "resolved": "https://registry.npmjs.org/is-binary-path/-/is-binary-path-2.1.0.tgz",
      "integrity": "sha512-ZMERYes6pDydyuGidse7OsHxtbI7WVeUEozgR/g7rd0xUimYNlvZRE/K2MgZTjWy725IfelLeVcEM97mmtRGXw==",
      "dev": true,
      "dependencies": {
        "binary-extensions": "^2.0.0"
      },
      "engines": {
        "node": ">=8"
      }
    },
    "node_modules/is-core-module": {
      "version": "2.2.0",
      "resolved": "https://registry.npmjs.org/is-core-module/-/is-core-module-2.2.0.tgz",
      "integrity": "sha512-XRAfAdyyY5F5cOXn7hYQDqh2Xmii+DEfIcQGxK/uNwMHhIkPWO0g8msXcbzLe+MpGoR951MlqM/2iIlU4vKDdQ==",
      "dev": true,
      "dependencies": {
        "has": "^1.0.3"
      },
      "funding": {
        "url": "https://github.com/sponsors/ljharb"
      }
    },
    "node_modules/is-extglob": {
      "version": "2.1.1",
      "resolved": "https://registry.npmjs.org/is-extglob/-/is-extglob-2.1.1.tgz",
      "integrity": "sha1-qIwCU1eR8C7TfHahueqXc8gz+MI=",
      "dev": true,
      "engines": {
        "node": ">=0.10.0"
      }
    },
    "node_modules/is-glob": {
      "version": "4.0.1",
      "resolved": "https://registry.npmjs.org/is-glob/-/is-glob-4.0.1.tgz",
      "integrity": "sha512-5G0tKtBTFImOqDnLB2hG6Bp2qcKEFduo4tZu9MT/H6NQv/ghhy30o55ufafxJ/LdH79LLs2Kfrn85TLKyA7BUg==",
      "dev": true,
      "dependencies": {
        "is-extglob": "^2.1.1"
      },
      "engines": {
        "node": ">=0.10.0"
      }
    },
    "node_modules/is-number": {
      "version": "7.0.0",
      "resolved": "https://registry.npmjs.org/is-number/-/is-number-7.0.0.tgz",
      "integrity": "sha512-41Cifkg6e8TylSpdtTpeLVMqvSBEVzTttHvERD741+pnZ8ANv0004MRL43QKPDlK9cGvNp6NZWZUBlbGXYxxng==",
      "dev": true,
      "engines": {
        "node": ">=0.12.0"
      }
    },
    "node_modules/ms": {
      "version": "2.1.2",
      "resolved": "https://registry.npmjs.org/ms/-/ms-2.1.2.tgz",
      "integrity": "sha512-sGkPx+VjMtmA6MX27oA4FBFELFCZZ4S4XqeGOXCv68tT+jb3vk/RyaKWP0PTKyWtmLSM0b+adUTEvbs1PEaH2w==",
      "dev": true
    },
    "node_modules/nanoid": {
      "version": "3.1.22",
      "resolved": "https://registry.npmjs.org/nanoid/-/nanoid-3.1.22.tgz",
      "integrity": "sha512-/2ZUaJX2ANuLtTvqTlgqBQNJoQO398KyJgZloL0PZkC0dpysjncRUPsFe3DUPzz/y3h+u7C46np8RMuvF3jsSQ==",
      "dev": true,
      "bin": {
        "nanoid": "bin/nanoid.cjs"
      },
      "engines": {
        "node": "^10 || ^12 || ^13.7 || ^14 || >=15.0.1"
      }
    },
    "node_modules/normalize-path": {
      "version": "3.0.0",
      "resolved": "https://registry.npmjs.org/normalize-path/-/normalize-path-3.0.0.tgz",
      "integrity": "sha512-6eZs5Ls3WtCisHWp9S2GUy8dqkpGi4BVSz3GaqiE6ezub0512ESztXUwUB6C6IKbQkY2Pnb/mD4WYojCRwcwLA==",
      "dev": true,
      "engines": {
        "node": ">=0.10.0"
      }
    },
    "node_modules/path-parse": {
      "version": "1.0.6",
      "resolved": "https://registry.npmjs.org/path-parse/-/path-parse-1.0.6.tgz",
      "integrity": "sha512-GSmOT2EbHrINBf9SR7CDELwlJ8AENk3Qn7OikK4nFYAu3Ote2+JYNVvkpAEQm3/TLNEJFD/xZJjzyxg3KBWOzw==",
      "dev": true
    },
    "node_modules/picomatch": {
      "version": "2.2.2",
      "resolved": "https://registry.npmjs.org/picomatch/-/picomatch-2.2.2.tgz",
      "integrity": "sha512-q0M/9eZHzmr0AulXyPwNfZjtwZ/RBZlbN3K3CErVrk50T2ASYI7Bye0EvekFY3IP1Nt2DHu0re+V2ZHIpMkuWg==",
      "dev": true,
      "engines": {
        "node": ">=8.6"
      },
      "funding": {
        "url": "https://github.com/sponsors/jonschlinkert"
      }
    },
    "node_modules/postcss": {
      "version": "8.2.9",
      "resolved": "https://registry.npmjs.org/postcss/-/postcss-8.2.9.tgz",
      "integrity": "sha512-b+TmuIL4jGtCHtoLi+G/PisuIl9avxs8IZMSmlABRwNz5RLUUACrC+ws81dcomz1nRezm5YPdXiMEzBEKgYn+Q==",
      "dev": true,
      "dependencies": {
        "colorette": "^1.2.2",
        "nanoid": "^3.1.22",
        "source-map": "^0.6.1"
      },
      "engines": {
        "node": "^10 || ^12 || >=14"
      },
      "funding": {
        "type": "opencollective",
        "url": "https://opencollective.com/postcss/"
      }
    },
    "node_modules/postcss/node_modules/source-map": {
      "version": "0.6.1",
      "resolved": "https://registry.npmjs.org/source-map/-/source-map-0.6.1.tgz",
      "integrity": "sha512-UjgapumWlbMhkBgzT7Ykc5YXUT46F0iKu8SGXq0bcwP5dz/h0Plj6enJqjz1Zbq2l5WaqYnrVbwWOWMyF3F47g==",
      "dev": true,
      "engines": {
        "node": ">=0.10.0"
      }
    },
    "node_modules/readdirp": {
      "version": "3.5.0",
      "resolved": "https://registry.npmjs.org/readdirp/-/readdirp-3.5.0.tgz",
      "integrity": "sha512-cMhu7c/8rdhkHXWsY+osBhfSy0JikwpHK/5+imo+LpeasTF8ouErHrlYkwT0++njiyuDvc7OFY5T3ukvZ8qmFQ==",
      "dev": true,
      "dependencies": {
        "picomatch": "^2.2.1"
      },
      "engines": {
        "node": ">=8.10.0"
      }
    },
    "node_modules/require-relative": {
      "version": "0.8.7",
      "resolved": "https://registry.npmjs.org/require-relative/-/require-relative-0.8.7.tgz",
      "integrity": "sha1-eZlTn8ngR6N5KPoZb44VY9q9Nt4=",
      "dev": true
    },
    "node_modules/resolve": {
      "version": "1.20.0",
      "resolved": "https://registry.npmjs.org/resolve/-/resolve-1.20.0.tgz",
      "integrity": "sha512-wENBPt4ySzg4ybFQW2TT1zMQucPK95HSh/nq2CFTZVOGut2+pQvSsgtda4d26YrYcr067wjbmzOG8byDPBX63A==",
      "dev": true,
      "dependencies": {
        "is-core-module": "^2.2.0",
        "path-parse": "^1.0.6"
      },
      "funding": {
        "url": "https://github.com/sponsors/ljharb"
      }
    },
    "node_modules/rollup": {
      "version": "2.44.0",
      "resolved": "https://registry.npmjs.org/rollup/-/rollup-2.44.0.tgz",
      "integrity": "sha512-rGSF4pLwvuaH/x4nAS+zP6UNn5YUDWf/TeEU5IoXSZKBbKRNTCI3qMnYXKZgrC0D2KzS2baiOZt1OlqhMu5rnQ==",
      "dev": true,
      "bin": {
        "rollup": "dist/bin/rollup"
      },
      "engines": {
        "node": ">=10.0.0"
      },
      "optionalDependencies": {
        "fsevents": "~2.3.1"
      }
    },
    "node_modules/sass": {
      "version": "1.32.8",
      "resolved": "https://registry.npmjs.org/sass/-/sass-1.32.8.tgz",
      "integrity": "sha512-Sl6mIeGpzjIUZqvKnKETfMf0iDAswD9TNlv13A7aAF3XZlRPMq4VvJWBC2N2DXbp94MQVdNSFG6LfF/iOXrPHQ==",
      "dev": true,
      "dependencies": {
        "chokidar": ">=2.0.0 <4.0.0"
      },
      "bin": {
        "sass": "sass.js"
      },
      "engines": {
        "node": ">=8.9.0"
      }
    },
    "node_modules/slash": {
      "version": "3.0.0",
      "resolved": "https://registry.npmjs.org/slash/-/slash-3.0.0.tgz",
      "integrity": "sha512-g9Q1haeby36OSStwb4ntCGGGaKsaVSjQ68fBxoQcutl5fS1vuY18H3wSt3jFyFtrkx+Kz0V1G85A4MyAdDMi2Q==",
      "dev": true,
      "engines": {
        "node": ">=8"
      }
    },
    "node_modules/source-map": {
      "version": "0.7.3",
      "resolved": "https://registry.npmjs.org/source-map/-/source-map-0.7.3.tgz",
      "integrity": "sha512-CkCj6giN3S+n9qrYiBTX5gystlENnRW5jZeNLHpe6aue+SrHcG5VYwujhW9s4dY31mEGsxBDrHR6oI69fTXsaQ==",
      "dev": true,
      "engines": {
        "node": ">= 8"
      }
    },
    "node_modules/supports-color": {
      "version": "7.2.0",
      "resolved": "https://registry.npmjs.org/supports-color/-/supports-color-7.2.0.tgz",
      "integrity": "sha512-qpCAvRl9stuOHveKsn7HncJRvv501qIacKzQlO/+Lwxc9+0q2wLyv4Dfvt80/DPn2pqOBsJdDiogXGR9+OvwRw==",
      "dev": true,
      "dependencies": {
        "has-flag": "^4.0.0"
      },
      "engines": {
        "node": ">=8"
      }
    },
    "node_modules/svelte": {
      "version": "3.37.0",
      "resolved": "https://registry.npmjs.org/svelte/-/svelte-3.37.0.tgz",
      "integrity": "sha512-TRF30F4W4+d+Jr2KzUUL1j8Mrpns/WM/WacxYlo5MMb2E5Qy2Pk1Guj6GylxsW9OnKQl1tnF8q3hG/hQ3h6VUA==",
      "engines": {
        "node": ">= 8"
      }
    },
    "node_modules/svelte-hmr": {
      "version": "0.13.3",
      "resolved": "https://registry.npmjs.org/svelte-hmr/-/svelte-hmr-0.13.3.tgz",
      "integrity": "sha512-gagW62pLQ2lULmvNA3pIZu9pBCYOaGu3rQikUOv6Nokz5VxUgT9/mQLfMxj9phDEKHCg/lgr3i6PkqZDbO9P2Q==",
      "dev": true,
      "peerDependencies": {
        "svelte": ">=3.19.0"
      }
    },
    "node_modules/tabbable": {
      "version": "4.0.0",
      "resolved": "https://registry.npmjs.org/tabbable/-/tabbable-4.0.0.tgz",
      "integrity": "sha512-H1XoH1URcBOa/rZZWxLxHCtOdVUEev+9vo5YdYhC9tCY4wnybX+VQrCYuy9ubkg69fCBxCONJOSLGfw0DWMffQ=="
    },
    "node_modules/to-regex-range": {
      "version": "5.0.1",
      "resolved": "https://registry.npmjs.org/to-regex-range/-/to-regex-range-5.0.1.tgz",
      "integrity": "sha512-65P7iz6X5yEr1cwcgvQxbbIw7Uk3gOy5dIdtZ4rDveLqhrdJP+Li/Hx6tyK0NEb+2GCyneCMJiGqrADCSNk8sQ==",
      "dev": true,
      "dependencies": {
        "is-number": "^7.0.0"
      },
      "engines": {
        "node": ">=8.0"
      }
    },
    "node_modules/tslib": {
      "version": "1.14.1",
      "resolved": "https://registry.npmjs.org/tslib/-/tslib-1.14.1.tgz",
      "integrity": "sha512-Xni35NKzjgMrwevysHTCArtLDpPvye8zV/0E4EyYn43P7/7qvQwPh9BGkHewbMulVntbigmcT7rdX3BNo9wRJg=="
    },
    "node_modules/vite": {
      "version": "2.1.5",
      "resolved": "https://registry.npmjs.org/vite/-/vite-2.1.5.tgz",
      "integrity": "sha512-tYU5iaYeUgQYvK/CNNz3tiJ8vYqPWfCE9IQ7K0iuzYovWw7lzty7KRYGWwV3CQPh0NKxWjOczAqiJsCL0Xb+Og==",
      "dev": true,
      "dependencies": {
        "esbuild": "^0.9.3",
        "postcss": "^8.2.1",
        "resolve": "^1.19.0",
        "rollup": "^2.38.5"
      },
      "bin": {
        "vite": "bin/vite.js"
      },
      "engines": {
        "node": ">=12.0.0"
      },
      "optionalDependencies": {
        "fsevents": "~2.3.1"
      }
    },
    "node_modules/xtend": {
      "version": "4.0.2",
      "resolved": "https://registry.npmjs.org/xtend/-/xtend-4.0.2.tgz",
      "integrity": "sha512-LKYU1iAXJXUgAXn9URjiu+MWhyUXHsvfp7mcuYm9dSUKK0/CjtrUwFAxD82/mCWbtLsGjFIad0wIsod4zrTAEQ==",
      "engines": {
        "node": ">=0.4"
      }
    }
  },
  "dependencies": {
    "@material/animation": {
      "version": "4.0.0",
      "resolved": "https://registry.npmjs.org/@material/animation/-/animation-4.0.0.tgz",
      "integrity": "sha512-IfzXzstWdtKQcsNWu+s2Hpz5dBwkTHtgtzoesr+FC7TqENH+SJdsF1ntnZI1XVi2C9ZlBf7f4BSmXpWHD0MIlw==",
      "requires": {
        "tslib": "^1.9.3"
      }
    },
    "@material/base": {
      "version": "4.0.0",
      "resolved": "https://registry.npmjs.org/@material/base/-/base-4.0.0.tgz",
      "integrity": "sha512-vHm7fkqXzjdfxifXvlmaZColoIfKuWmO+1rvdzDORTWP+A8Dq70cgKd2I1SBqxzDGjOasMzHbQI6f9MISQf2vQ==",
      "requires": {
        "tslib": "^1.9.3"
      }
    },
    "@material/density": {
      "version": "4.0.0",
      "resolved": "https://registry.npmjs.org/@material/density/-/density-4.0.0.tgz",
      "integrity": "sha512-PuOCPCXlWjimTq+OuCS8biAb1JE9aXCZwT1dRG9REAIAK7bN8KeeTzkeJp6jTj+ggZjWphwKF0lKeX6Gv+e/lw=="
    },
    "@material/dom": {
      "version": "4.0.0",
      "resolved": "https://registry.npmjs.org/@material/dom/-/dom-4.0.0.tgz",
      "integrity": "sha512-GRCJT9+PGWqygZwGf1XLTrbmzP35YWG7+T0hpfhoIJO8VDiMTeyfvhJXFuA2wh9pD0noEjte0lmbdBlykrbWZw==",
      "requires": {
        "tslib": "^1.9.3"
      }
    },
    "@material/drawer": {
      "version": "4.0.0",
      "resolved": "https://registry.npmjs.org/@material/drawer/-/drawer-4.0.0.tgz",
      "integrity": "sha512-HjhE4KnP+bGC56AdD8H1FqMT5PjEuz0RvvEzsMrQC86CERsE9eu35+JdSHFsLT2qi8m8c8v9NicOVIP1QHNH+Q==",
      "requires": {
        "@material/animation": "^4.0.0",
        "@material/base": "^4.0.0",
        "@material/elevation": "^4.0.0",
        "@material/feature-targeting": "^4.0.0",
        "@material/list": "^4.0.0",
        "@material/ripple": "^4.0.0",
        "@material/rtl": "^4.0.0",
        "@material/shape": "^4.0.0",
        "@material/theme": "^4.0.0",
        "@material/typography": "^4.0.0",
        "focus-trap": "^5.0.0",
        "tslib": "^1.9.3"
      }
    },
    "@material/elevation": {
      "version": "4.0.0",
      "resolved": "https://registry.npmjs.org/@material/elevation/-/elevation-4.0.0.tgz",
      "integrity": "sha512-wKffoZcqkwAMWYbfGJJ95RDeOFz/IMvF7ye4VamjUwLb1iPiKxUZKUcd40XpuEvsn794HSIEWfGDsRq7BxJAMQ==",
      "requires": {
        "@material/animation": "^4.0.0",
        "@material/feature-targeting": "^4.0.0",
        "@material/theme": "^4.0.0"
      }
    },
    "@material/feature-targeting": {
      "version": "4.0.0",
      "resolved": "https://registry.npmjs.org/@material/feature-targeting/-/feature-targeting-4.0.0.tgz",
      "integrity": "sha512-0gk+f151vqmEdWkrQ9ocPlQRU9aUtSGsVBhletqIbsthLUsZIz9qk25FHjV1wHd/bGHknd9NH+T8ENprv3KLFg=="
    },
    "@material/list": {
      "version": "4.0.0",
      "resolved": "https://registry.npmjs.org/@material/list/-/list-4.0.0.tgz",
      "integrity": "sha512-ximtqMQzi+bnnFy1jrdzMUH7jq169XVexCykumxoLI1PbVx4imQ0G3R6LIfJiafbxbBYawfwySZfMXTJkDML7g==",
      "requires": {
        "@material/base": "^4.0.0",
        "@material/density": "^4.0.0",
        "@material/dom": "^4.0.0",
        "@material/feature-targeting": "^4.0.0",
        "@material/ripple": "^4.0.0",
        "@material/rtl": "^4.0.0",
        "@material/shape": "^4.0.0",
        "@material/theme": "^4.0.0",
        "@material/typography": "^4.0.0",
        "tslib": "^1.9.3"
      }
    },
    "@material/ripple": {
      "version": "4.0.0",
      "resolved": "https://registry.npmjs.org/@material/ripple/-/ripple-4.0.0.tgz",
      "integrity": "sha512-9BLIOvyCP5sM+fQpLlcJZWyrHguusJq8E5A1pxg0wQwputOyaPBM7recHhYkJmVjzRpTcPgf1PkvkpN6DKGcNg==",
      "requires": {
        "@material/animation": "^4.0.0",
        "@material/base": "^4.0.0",
        "@material/dom": "^4.0.0",
        "@material/feature-targeting": "^4.0.0",
        "@material/theme": "^4.0.0",
        "tslib": "^1.9.3"
      }
    },
    "@material/rtl": {
      "version": "4.0.0",
      "resolved": "https://registry.npmjs.org/@material/rtl/-/rtl-4.0.0.tgz",
      "integrity": "sha512-AP8zByVDEWAJVJoxByVccUbH+BX24IeG7ol+L6Qd8JjzPpz1fzPVJ4BeDNaF0a6sXtHsRmj2zN5dsx/BGC3IHg=="
    },
    "@material/shape": {
      "version": "4.0.0",
      "resolved": "https://registry.npmjs.org/@material/shape/-/shape-4.0.0.tgz",
      "integrity": "sha512-wmr05YBrEL462QPiJ+t9xh5RqxzylXYo/8DVZnb/1WA9GZ6m38UK/8Awtip1cZAN34pzD/9p5AydyywlQVoI+g==",
      "requires": {
        "@material/feature-targeting": "^4.0.0"
      }
    },
    "@material/theme": {
      "version": "4.0.0",
      "resolved": "https://registry.npmjs.org/@material/theme/-/theme-4.0.0.tgz",
      "integrity": "sha512-vS4G4rusJTatTH50kSYO1U3UGN8EY9kGRvPaFsEFKikJBOqcR6KWK9H9/wCLqqd6nDNifEj9H2sdWw1AV4NA6Q==",
      "requires": {
        "@material/feature-targeting": "^4.0.0"
      }
    },
    "@material/typography": {
      "version": "4.0.0",
      "resolved": "https://registry.npmjs.org/@material/typography/-/typography-4.0.0.tgz",
      "integrity": "sha512-lUG4yjG9fl1ryNX4OVnOmi+EjhiV4WsWcYt4yzffHrFg1RfKuCAV59j7TtmlMfZIkNDwqK5jvk3oOpTRDFpL8Q==",
      "requires": {
        "@material/feature-targeting": "^4.0.0"
      }
    },
    "@rollup/pluginutils": {
      "version": "4.1.0",
      "resolved": "https://registry.npmjs.org/@rollup/pluginutils/-/pluginutils-4.1.0.tgz",
      "integrity": "sha512-TrBhfJkFxA+ER+ew2U2/fHbebhLT/l/2pRk0hfj9KusXUuRXd2v0R58AfaZK9VXDQ4TogOSEmICVrQAA3zFnHQ==",
      "dev": true,
      "requires": {
        "estree-walker": "^2.0.1",
        "picomatch": "^2.2.2"
      }
    },
    "@smui/common": {
      "version": "2.0.0-beta.1",
      "resolved": "https://registry.npmjs.org/@smui/common/-/common-2.0.0-beta.1.tgz",
      "integrity": "sha512-m1ueVU0vI2jJI7qnHXWVisMXwPG8s1d5F3NK519bYewDFhjd+lCsfllC5e9A4CsfXNzJYlVaBPs5Wy11pn93UQ==",
      "requires": {
        "svelte": "^3.0"
      }
    },
    "@smui/drawer": {
      "version": "2.0.0-beta.1",
      "resolved": "https://registry.npmjs.org/@smui/drawer/-/drawer-2.0.0-beta.1.tgz",
      "integrity": "sha512-AfMYf/t0bAVcQIvswlAAhRiXuYoBH7+IpEvMvf7GVJOJEDEj170HCQDFvIrOYMzY4UKJZye3X8zkq+U7zOlb7g==",
      "requires": {
        "@material/drawer": "^4.0.0",
        "@smui/common": "^2.0.0-beta.1"
      }
    },
    "@sveltejs/vite-plugin-svelte": {
      "version": "1.0.0-next.5",
      "resolved": "https://registry.npmjs.org/@sveltejs/vite-plugin-svelte/-/vite-plugin-svelte-1.0.0-next.5.tgz",
      "integrity": "sha512-RVjafsqziWwnQm8VEy2y0qNaugNDvRd8tTaCt9rjgQkqaS/BDiyDCluXxA28PRC+ddZjvwUeq9k+0EfbLVObfg==",
      "dev": true,
      "requires": {
        "@rollup/pluginutils": "^4.1.0",
        "chalk": "^4.1.0",
        "debug": "^4.3.2",
        "hash-sum": "^2.0.0",
        "require-relative": "^0.8.7",
        "slash": "^3.0.0",
        "source-map": "^0.7.3",
        "svelte-hmr": "^0.13.3"
      }
    },
    "ansi-styles": {
      "version": "4.3.0",
      "resolved": "https://registry.npmjs.org/ansi-styles/-/ansi-styles-4.3.0.tgz",
      "integrity": "sha512-zbB9rCJAT1rbjiVDb2hqKFHNYLxgtk8NURxZ3IZwD3F6NtxbXZQCnnSi1Lkx+IDohdPlFp222wVALIheZJQSEg==",
      "dev": true,
      "requires": {
        "color-convert": "^2.0.1"
      }
    },
    "anymatch": {
      "version": "3.1.1",
      "resolved": "https://registry.npmjs.org/anymatch/-/anymatch-3.1.1.tgz",
      "integrity": "sha512-mM8522psRCqzV+6LhomX5wgp25YVibjh8Wj23I5RPkPppSVSjyKD2A2mBJmWGa+KN7f2D6LNh9jkBCeyLktzjg==",
      "dev": true,
      "requires": {
        "normalize-path": "^3.0.0",
        "picomatch": "^2.0.4"
      }
    },
    "binary-extensions": {
      "version": "2.2.0",
      "resolved": "https://registry.npmjs.org/binary-extensions/-/binary-extensions-2.2.0.tgz",
      "integrity": "sha512-jDctJ/IVQbZoJykoeHbhXpOlNBqGNcwXJKJog42E5HDPUwQTSdjCHdihjj0DlnheQ7blbT6dHOafNAiS8ooQKA==",
      "dev": true
    },
    "braces": {
      "version": "3.0.2",
      "resolved": "https://registry.npmjs.org/braces/-/braces-3.0.2.tgz",
      "integrity": "sha512-b8um+L1RzM3WDSzvhm6gIz1yfTbBt6YTlcEKAvsmqCZZFw46z626lVj9j1yEPW33H5H+lBQpZMP1k8l+78Ha0A==",
      "dev": true,
      "requires": {
        "fill-range": "^7.0.1"
      }
    },
    "chalk": {
      "version": "4.1.0",
      "resolved": "https://registry.npmjs.org/chalk/-/chalk-4.1.0.tgz",
      "integrity": "sha512-qwx12AxXe2Q5xQ43Ac//I6v5aXTipYrSESdOgzrN+9XjgEpyjpKuvSGaN4qE93f7TQTlerQQ8S+EQ0EyDoVL1A==",
      "dev": true,
      "requires": {
        "ansi-styles": "^4.1.0",
        "supports-color": "^7.1.0"
      }
    },
    "chokidar": {
      "version": "3.5.1",
      "resolved": "https://registry.npmjs.org/chokidar/-/chokidar-3.5.1.tgz",
      "integrity": "sha512-9+s+Od+W0VJJzawDma/gvBNQqkTiqYTWLuZoyAsivsI4AaWTCzHG06/TMjsf1cYe9Cb97UCEhjz7HvnPk2p/tw==",
      "dev": true,
      "requires": {
        "anymatch": "~3.1.1",
        "braces": "~3.0.2",
        "fsevents": "~2.3.1",
        "glob-parent": "~5.1.0",
        "is-binary-path": "~2.1.0",
        "is-glob": "~4.0.1",
        "normalize-path": "~3.0.0",
        "readdirp": "~3.5.0"
      }
    },
    "color-convert": {
      "version": "2.0.1",
      "resolved": "https://registry.npmjs.org/color-convert/-/color-convert-2.0.1.tgz",
      "integrity": "sha512-RRECPsj7iu/xb5oKYcsFHSppFNnsj/52OVTRKb4zP5onXwVF3zVmmToNcOfGC+CRDpfK/U584fMg38ZHCaElKQ==",
      "dev": true,
      "requires": {
        "color-name": "~1.1.4"
      }
    },
    "color-name": {
      "version": "1.1.4",
      "resolved": "https://registry.npmjs.org/color-name/-/color-name-1.1.4.tgz",
      "integrity": "sha512-dOy+3AuW3a2wNbZHIuMZpTcgjGuLU/uBL/ubcZF9OXbDo8ff4O8yVp5Bf0efS8uEoYo5q4Fx7dY9OgQGXgAsQA==",
      "dev": true
    },
    "colorette": {
      "version": "1.2.2",
      "resolved": "https://registry.npmjs.org/colorette/-/colorette-1.2.2.tgz",
      "integrity": "sha512-MKGMzyfeuutC/ZJ1cba9NqcNpfeqMUcYmyF1ZFY6/Cn7CNSAKx6a+s48sqLqyAiZuaP2TcqMhoo+dlwFnVxT9w==",
      "dev": true
    },
    "debug": {
      "version": "4.3.2",
      "resolved": "https://registry.npmjs.org/debug/-/debug-4.3.2.tgz",
      "integrity": "sha512-mOp8wKcvj7XxC78zLgw/ZA+6TSgkoE2C/ienthhRD298T7UNwAg9diBpLRxC0mOezLl4B0xV7M0cCO6P/O0Xhw==",
      "dev": true,
      "requires": {
        "ms": "2.1.2"
      }
    },
    "esbuild": {
      "version": "0.9.7",
      "resolved": "https://registry.npmjs.org/esbuild/-/esbuild-0.9.7.tgz",
      "integrity": "sha512-VtUf6aQ89VTmMLKrWHYG50uByMF4JQlVysb8dmg6cOgW8JnFCipmz7p+HNBl+RR3LLCuBxFGVauAe2wfnF9bLg==",
      "dev": true
    },
    "estree-walker": {
      "version": "2.0.2",
      "resolved": "https://registry.npmjs.org/estree-walker/-/estree-walker-2.0.2.tgz",
      "integrity": "sha512-Rfkk/Mp/DL7JVje3u18FxFujQlTNR2q6QfMSMB7AvCBx91NGj/ba3kCfza0f6dVDbw7YlRf/nDrn7pQrCCyQ/w==",
      "dev": true
    },
    "fill-range": {
      "version": "7.0.1",
      "resolved": "https://registry.npmjs.org/fill-range/-/fill-range-7.0.1.tgz",
      "integrity": "sha512-qOo9F+dMUmC2Lcb4BbVvnKJxTPjCm+RRpe4gDuGrzkL7mEVl/djYSu2OdQ2Pa302N4oqkSg9ir6jaLWJ2USVpQ==",
      "dev": true,
      "requires": {
        "to-regex-range": "^5.0.1"
      }
    },
    "focus-trap": {
      "version": "5.1.0",
      "resolved": "https://registry.npmjs.org/focus-trap/-/focus-trap-5.1.0.tgz",
      "integrity": "sha512-CkB/nrO55069QAUjWFBpX6oc+9V90Qhgpe6fBWApzruMq5gnlh90Oo7iSSDK7pKiV5ugG6OY2AXM5mxcmL3lwQ==",
      "requires": {
        "tabbable": "^4.0.0",
        "xtend": "^4.0.1"
      }
    },
    "fsevents": {
      "version": "2.3.2",
      "resolved": "https://registry.npmjs.org/fsevents/-/fsevents-2.3.2.tgz",
      "integrity": "sha512-xiqMQR4xAeHTuB9uWm+fFRcIOgKBMiOBP+eXiyT7jsgVCq1bkVygt00oASowB7EdtpOHaaPgKt812P9ab+DDKA==",
      "dev": true,
      "optional": true
    },
    "function-bind": {
      "version": "1.1.1",
      "resolved": "https://registry.npmjs.org/function-bind/-/function-bind-1.1.1.tgz",
      "integrity": "sha512-yIovAzMX49sF8Yl58fSCWJ5svSLuaibPxXQJFLmBObTuCr0Mf1KiPopGM9NiFjiYBCbfaa2Fh6breQ6ANVTI0A==",
      "dev": true
    },
    "glob-parent": {
      "version": "5.1.2",
      "resolved": "https://registry.npmjs.org/glob-parent/-/glob-parent-5.1.2.tgz",
      "integrity": "sha512-AOIgSQCepiJYwP3ARnGx+5VnTu2HBYdzbGP45eLw1vr3zB3vZLeyed1sC9hnbcOc9/SrMyM5RPQrkGz4aS9Zow==",
      "dev": true,
      "requires": {
        "is-glob": "^4.0.1"
      }
    },
    "has": {
      "version": "1.0.3",
      "resolved": "https://registry.npmjs.org/has/-/has-1.0.3.tgz",
      "integrity": "sha512-f2dvO0VU6Oej7RkWJGrehjbzMAjFp5/VKPp5tTpWIV4JHHZK1/BxbFRtf/siA2SWTe09caDmVtYYzWEIbBS4zw==",
      "dev": true,
      "requires": {
        "function-bind": "^1.1.1"
      }
    },
    "has-flag": {
      "version": "4.0.0",
      "resolved": "https://registry.npmjs.org/has-flag/-/has-flag-4.0.0.tgz",
      "integrity": "sha512-EykJT/Q1KjTWctppgIAgfSO0tKVuZUjhgMr17kqTumMl6Afv3EISleU7qZUzoXDFTAHTDC4NOoG/ZxU3EvlMPQ==",
      "dev": true
    },
    "hash-sum": {
      "version": "2.0.0",
      "resolved": "https://registry.npmjs.org/hash-sum/-/hash-sum-2.0.0.tgz",
      "integrity": "sha512-WdZTbAByD+pHfl/g9QSsBIIwy8IT+EsPiKDs0KNX+zSHhdDLFKdZu0BQHljvO+0QI/BasbMSUa8wYNCZTvhslg==",
      "dev": true
    },
    "is-binary-path": {
      "version": "2.1.0",
      "resolved": "https://registry.npmjs.org/is-binary-path/-/is-binary-path-2.1.0.tgz",
      "integrity": "sha512-ZMERYes6pDydyuGidse7OsHxtbI7WVeUEozgR/g7rd0xUimYNlvZRE/K2MgZTjWy725IfelLeVcEM97mmtRGXw==",
      "dev": true,
      "requires": {
        "binary-extensions": "^2.0.0"
      }
    },
    "is-core-module": {
      "version": "2.2.0",
      "resolved": "https://registry.npmjs.org/is-core-module/-/is-core-module-2.2.0.tgz",
      "integrity": "sha512-XRAfAdyyY5F5cOXn7hYQDqh2Xmii+DEfIcQGxK/uNwMHhIkPWO0g8msXcbzLe+MpGoR951MlqM/2iIlU4vKDdQ==",
      "dev": true,
      "requires": {
        "has": "^1.0.3"
      }
    },
    "is-extglob": {
      "version": "2.1.1",
      "resolved": "https://registry.npmjs.org/is-extglob/-/is-extglob-2.1.1.tgz",
      "integrity": "sha1-qIwCU1eR8C7TfHahueqXc8gz+MI=",
      "dev": true
    },
    "is-glob": {
      "version": "4.0.1",
      "resolved": "https://registry.npmjs.org/is-glob/-/is-glob-4.0.1.tgz",
      "integrity": "sha512-5G0tKtBTFImOqDnLB2hG6Bp2qcKEFduo4tZu9MT/H6NQv/ghhy30o55ufafxJ/LdH79LLs2Kfrn85TLKyA7BUg==",
      "dev": true,
      "requires": {
        "is-extglob": "^2.1.1"
      }
    },
    "is-number": {
      "version": "7.0.0",
      "resolved": "https://registry.npmjs.org/is-number/-/is-number-7.0.0.tgz",
      "integrity": "sha512-41Cifkg6e8TylSpdtTpeLVMqvSBEVzTttHvERD741+pnZ8ANv0004MRL43QKPDlK9cGvNp6NZWZUBlbGXYxxng==",
      "dev": true
    },
    "ms": {
      "version": "2.1.2",
      "resolved": "https://registry.npmjs.org/ms/-/ms-2.1.2.tgz",
      "integrity": "sha512-sGkPx+VjMtmA6MX27oA4FBFELFCZZ4S4XqeGOXCv68tT+jb3vk/RyaKWP0PTKyWtmLSM0b+adUTEvbs1PEaH2w==",
      "dev": true
    },
    "nanoid": {
      "version": "3.1.22",
      "resolved": "https://registry.npmjs.org/nanoid/-/nanoid-3.1.22.tgz",
      "integrity": "sha512-/2ZUaJX2ANuLtTvqTlgqBQNJoQO398KyJgZloL0PZkC0dpysjncRUPsFe3DUPzz/y3h+u7C46np8RMuvF3jsSQ==",
      "dev": true
    },
    "normalize-path": {
      "version": "3.0.0",
      "resolved": "https://registry.npmjs.org/normalize-path/-/normalize-path-3.0.0.tgz",
      "integrity": "sha512-6eZs5Ls3WtCisHWp9S2GUy8dqkpGi4BVSz3GaqiE6ezub0512ESztXUwUB6C6IKbQkY2Pnb/mD4WYojCRwcwLA==",
      "dev": true
    },
    "path-parse": {
      "version": "1.0.6",
      "resolved": "https://registry.npmjs.org/path-parse/-/path-parse-1.0.6.tgz",
      "integrity": "sha512-GSmOT2EbHrINBf9SR7CDELwlJ8AENk3Qn7OikK4nFYAu3Ote2+JYNVvkpAEQm3/TLNEJFD/xZJjzyxg3KBWOzw==",
      "dev": true
    },
    "picomatch": {
      "version": "2.2.2",
      "resolved": "https://registry.npmjs.org/picomatch/-/picomatch-2.2.2.tgz",
      "integrity": "sha512-q0M/9eZHzmr0AulXyPwNfZjtwZ/RBZlbN3K3CErVrk50T2ASYI7Bye0EvekFY3IP1Nt2DHu0re+V2ZHIpMkuWg==",
      "dev": true
    },
    "postcss": {
      "version": "8.2.9",
      "resolved": "https://registry.npmjs.org/postcss/-/postcss-8.2.9.tgz",
      "integrity": "sha512-b+TmuIL4jGtCHtoLi+G/PisuIl9avxs8IZMSmlABRwNz5RLUUACrC+ws81dcomz1nRezm5YPdXiMEzBEKgYn+Q==",
      "dev": true,
      "requires": {
        "colorette": "^1.2.2",
        "nanoid": "^3.1.22",
        "source-map": "^0.6.1"
      },
      "dependencies": {
        "source-map": {
          "version": "0.6.1",
          "resolved": "https://registry.npmjs.org/source-map/-/source-map-0.6.1.tgz",
          "integrity": "sha512-UjgapumWlbMhkBgzT7Ykc5YXUT46F0iKu8SGXq0bcwP5dz/h0Plj6enJqjz1Zbq2l5WaqYnrVbwWOWMyF3F47g==",
          "dev": true
        }
      }
    },
    "readdirp": {
      "version": "3.5.0",
      "resolved": "https://registry.npmjs.org/readdirp/-/readdirp-3.5.0.tgz",
      "integrity": "sha512-cMhu7c/8rdhkHXWsY+osBhfSy0JikwpHK/5+imo+LpeasTF8ouErHrlYkwT0++njiyuDvc7OFY5T3ukvZ8qmFQ==",
      "dev": true,
      "requires": {
        "picomatch": "^2.2.1"
      }
    },
    "require-relative": {
      "version": "0.8.7",
      "resolved": "https://registry.npmjs.org/require-relative/-/require-relative-0.8.7.tgz",
      "integrity": "sha1-eZlTn8ngR6N5KPoZb44VY9q9Nt4=",
      "dev": true
    },
    "resolve": {
      "version": "1.20.0",
      "resolved": "https://registry.npmjs.org/resolve/-/resolve-1.20.0.tgz",
      "integrity": "sha512-wENBPt4ySzg4ybFQW2TT1zMQucPK95HSh/nq2CFTZVOGut2+pQvSsgtda4d26YrYcr067wjbmzOG8byDPBX63A==",
      "dev": true,
      "requires": {
        "is-core-module": "^2.2.0",
        "path-parse": "^1.0.6"
      }
    },
    "rollup": {
      "version": "2.44.0",
      "resolved": "https://registry.npmjs.org/rollup/-/rollup-2.44.0.tgz",
      "integrity": "sha512-rGSF4pLwvuaH/x4nAS+zP6UNn5YUDWf/TeEU5IoXSZKBbKRNTCI3qMnYXKZgrC0D2KzS2baiOZt1OlqhMu5rnQ==",
      "dev": true,
      "requires": {
        "fsevents": "~2.3.1"
      }
    },
    "sass": {
      "version": "1.32.8",
      "resolved": "https://registry.npmjs.org/sass/-/sass-1.32.8.tgz",
      "integrity": "sha512-Sl6mIeGpzjIUZqvKnKETfMf0iDAswD9TNlv13A7aAF3XZlRPMq4VvJWBC2N2DXbp94MQVdNSFG6LfF/iOXrPHQ==",
      "dev": true,
      "requires": {
        "chokidar": ">=2.0.0 <4.0.0"
      }
    },
    "slash": {
      "version": "3.0.0",
      "resolved": "https://registry.npmjs.org/slash/-/slash-3.0.0.tgz",
      "integrity": "sha512-g9Q1haeby36OSStwb4ntCGGGaKsaVSjQ68fBxoQcutl5fS1vuY18H3wSt3jFyFtrkx+Kz0V1G85A4MyAdDMi2Q==",
      "dev": true
    },
    "source-map": {
      "version": "0.7.3",
      "resolved": "https://registry.npmjs.org/source-map/-/source-map-0.7.3.tgz",
      "integrity": "sha512-CkCj6giN3S+n9qrYiBTX5gystlENnRW5jZeNLHpe6aue+SrHcG5VYwujhW9s4dY31mEGsxBDrHR6oI69fTXsaQ==",
      "dev": true
    },
    "supports-color": {
      "version": "7.2.0",
      "resolved": "https://registry.npmjs.org/supports-color/-/supports-color-7.2.0.tgz",
      "integrity": "sha512-qpCAvRl9stuOHveKsn7HncJRvv501qIacKzQlO/+Lwxc9+0q2wLyv4Dfvt80/DPn2pqOBsJdDiogXGR9+OvwRw==",
      "dev": true,
      "requires": {
        "has-flag": "^4.0.0"
      }
    },
    "svelte": {
      "version": "3.37.0",
      "resolved": "https://registry.npmjs.org/svelte/-/svelte-3.37.0.tgz",
      "integrity": "sha512-TRF30F4W4+d+Jr2KzUUL1j8Mrpns/WM/WacxYlo5MMb2E5Qy2Pk1Guj6GylxsW9OnKQl1tnF8q3hG/hQ3h6VUA=="
    },
    "svelte-hmr": {
      "version": "0.13.3",
      "resolved": "https://registry.npmjs.org/svelte-hmr/-/svelte-hmr-0.13.3.tgz",
      "integrity": "sha512-gagW62pLQ2lULmvNA3pIZu9pBCYOaGu3rQikUOv6Nokz5VxUgT9/mQLfMxj9phDEKHCg/lgr3i6PkqZDbO9P2Q==",
      "dev": true,
      "requires": {}
    },
    "tabbable": {
      "version": "4.0.0",
      "resolved": "https://registry.npmjs.org/tabbable/-/tabbable-4.0.0.tgz",
      "integrity": "sha512-H1XoH1URcBOa/rZZWxLxHCtOdVUEev+9vo5YdYhC9tCY4wnybX+VQrCYuy9ubkg69fCBxCONJOSLGfw0DWMffQ=="
    },
    "to-regex-range": {
      "version": "5.0.1",
      "resolved": "https://registry.npmjs.org/to-regex-range/-/to-regex-range-5.0.1.tgz",
      "integrity": "sha512-65P7iz6X5yEr1cwcgvQxbbIw7Uk3gOy5dIdtZ4rDveLqhrdJP+Li/Hx6tyK0NEb+2GCyneCMJiGqrADCSNk8sQ==",
      "dev": true,
      "requires": {
        "is-number": "^7.0.0"
      }
    },
    "tslib": {
      "version": "1.14.1",
      "resolved": "https://registry.npmjs.org/tslib/-/tslib-1.14.1.tgz",
      "integrity": "sha512-Xni35NKzjgMrwevysHTCArtLDpPvye8zV/0E4EyYn43P7/7qvQwPh9BGkHewbMulVntbigmcT7rdX3BNo9wRJg=="
    },
    "vite": {
      "version": "2.1.5",
      "resolved": "https://registry.npmjs.org/vite/-/vite-2.1.5.tgz",
      "integrity": "sha512-tYU5iaYeUgQYvK/CNNz3tiJ8vYqPWfCE9IQ7K0iuzYovWw7lzty7KRYGWwV3CQPh0NKxWjOczAqiJsCL0Xb+Og==",
      "dev": true,
      "requires": {
        "esbuild": "^0.9.3",
        "fsevents": "~2.3.1",
        "postcss": "^8.2.1",
        "resolve": "^1.19.0",
        "rollup": "^2.38.5"
      }
    },
    "xtend": {
      "version": "4.0.2",
      "resolved": "https://registry.npmjs.org/xtend/-/xtend-4.0.2.tgz",
      "integrity": "sha512-LKYU1iAXJXUgAXn9URjiu+MWhyUXHsvfp7mcuYm9dSUKK0/CjtrUwFAxD82/mCWbtLsGjFIad0wIsod4zrTAEQ=="
    }
  }
}
